
Microsoft Visual Studio Solution File, Format Version 12.00
# Visual Studio 15
Project("{FAE04EC0-301F-11D3-BF4B-00C04F79EFBC}") = "Assembly-CSharp", "Assembly-CSharp.csproj", "{A5C80591-AFDE-9CAB-B19F-E667584A5B37}"
EndProject
Project("{FAE04EC0-301F-11D3-BF4B-00C04F79EFBC}") = "GoogleMobileAds", "GoogleMobileAds.csproj", "{792A8DAF-2B82-87B0-813B-046676C40BE5}"
EndProject
Project("{FAE04EC0-301F-11D3-BF4B-00C04F79EFBC}") = "GoogleMobileAds.Editor", "GoogleMobileAds.Editor.csproj", "{EE1C4465-D4BB-9CC1-E593-F4A2C34C722D}"
EndProject
Global
	GlobalSection(SolutionConfigurationPlatforms) = preSolution
		Debug|Any CPU = Debug|Any CPU
		Release|Any CPU = Release|Any CPU
	EndGlobalSection
	GlobalSection(ProjectConfigurationPlatforms) = postSolution
		{A5C80591-AFDE-9CAB-B19F-E667584A5B37}.Debug|Any CPU.ActiveCfg = Debug|Any CPU
		{A5C80591-AFDE-9CAB-B19F-E667584A5B37}.Debug|Any CPU.Build.0 = Debug|Any CPU
		{A5C80591-AFDE-9CAB-B19F-E667584A5B37}.Release|Any CPU.ActiveCfg = Release|Any CPU
		{A5C80591-AFDE-9CAB-B19F-E667584A5B37}.Release|Any CPU.Build.0 = Release|Any CPU
		{792A8DAF-2B82-87B0-813B-046676C40BE5}.Debug|Any CPU.ActiveCfg = Debug|Any CPU
		{792A8DAF-2B82-87B0-813B-046676C40BE5}.Debug|Any CPU.Build.0 = Debug|Any CPU
		{792A8DAF-2B82-87B0-813B-046676C40BE5}.Release|Any CPU.ActiveCfg = Release|Any CPU
		{792A8DAF-2B82-87B0-813B-046676C40BE5}.Release|Any CPU.Build.0 = Release|Any CPU
		{EE1C4465-D4BB-9CC1-E593-F4A2C34C722D}.Debug|Any CPU.ActiveCfg = Debug|Any CPU
		{EE1C4465-D4BB-9CC1-E593-F4A2C34C722D}.Debug|Any CPU.Build.0 = Debug|Any CPU
		{EE1C4465-D4BB-9CC1-E593-F4A2C34C722D}.Release|Any CPU.ActiveCfg = Release|Any CPU
		{EE1C4465-D4BB-9CC1-E593-F4A2C34C722D}.Release|Any CPU.Build.0 = Release|Any CPU
	EndGlobalSection
	GlobalSection(SolutionProperties) = preSolution
		HideSolutionNode = FALSE
	EndGlobalSection
EndGlobal
